github.com/btwiuse/wsconn v0.0.3 h1:FZNQJfgy8iw2p7nNpmrcrRXXZORDRFeILwiTM8LdrfI=
github.com/btwiuse/wsconn v0.0.3/go.mod h1:IVNL6CrPBLCwTBVVb9DbXRSzLua4fF0e25w76MrTqeg=
github.com/gorilla/websocket v1.5.3 h1:saDtZ6Pbx/0u+bgYQ3q96pZgCzfhKXGPqt7kZ72aNNg=
github.com/gorilla/websocket v1.5.3/go.mod h1:YR8l580nyteQvAITg2hZ9XVh4b55+EU/adAjf1fMHhE=
github.com/hashicorp/yamux v0.1.1 h1:yrQxtgseBDrq9Y652vSRDvsKCJKOUD+GzTS4Y0Y8pvE=
github.com/hashicorp/yamux v0.1.1/go.mod h1:CtWFDAQgb7dxtzFs4tWbplKIe2jSi3+5vKbgIO0SLnQ=
nhooyr.io/websocket v1.8.17 h1:KEVeLJkUywCKVsnLIDlD/5gtayKp8VoCkksHCGGfT9Y=
nhooyr.io/websocket v1.8.17/go.mod h1:rN9OFWIUwuxg4fR5tELlYC04bXYowCP9GX47ivo2l+c=
